
Microsoft Visual Studio Solution File, Format Version 12.00
# Visual Studio 15
VisualStudioVersion = 15.0.27428.2011
MinimumVisualStudioVersion = 10.0.40219.1
Project("{FAE04EC0-301F-11D3-BF4B-00C04F79EFBC}") = "Rekry", "Rekry\Rekry.csproj", "{FE4B2E66-A2DD-426F-A08F-1523F76B1763}"
EndProject
Global
	GlobalSection(SolutionConfigurationPlatforms) = preSolution
		Debug|Any CPU = Debug|Any CPU
		Release|Any CPU = Release|Any CPU
	EndGlobalSection
	GlobalSection(ProjectConfigurationPlatforms) = postSolution
		{FE4B2E66-A2DD-426F-A08F-1523F76B1763}.Debug|Any CPU.ActiveCfg = Debug|Any CPU
		{FE4B2E66-A2DD-426F-A08F-1523F76B1763}.Debug|Any CPU.Build.0 = Debug|Any CPU
		{FE4B2E66-A2DD-426F-A08F-1523F76B1763}.Release|Any CPU.ActiveCfg = Release|Any CPU
		{FE4B2E66-A2DD-426F-A08F-1523F76B1763}.Release|Any CPU.Build.0 = Release|Any CPU
	EndGlobalSection
	GlobalSection(SolutionProperties) = preSolution
		HideSolutionNode = FALSE
	EndGlobalSection
	GlobalSection(ExtensibilityGlobals) = postSolution
		SolutionGuid = {AD15B581-16A5-4369-9288-982C5B8F8020}
	EndGlobalSection
EndGlobal
